
Microsoft Visual Studio Solution File, Format Version 12.00
# Visual Studio 2010
Project("{F184B08F-C81C-45F6-A57F-5ABD9991F28F}") = "visualbasicElementary", "visualbasicElementary\visualbasicElementary.vbproj", "{088E0A1C-EC49-44D4-A108-BEAEB87665F8}"
EndProject
Project("{F184B08F-C81C-45F6-A57F-5ABD9991F28F}") = "Brush", "Brush\Brush.vbproj", "{9644A3E8-C4A6-4D23-A7FE-B32C6672371A}"
EndProject
Project("{F184B08F-C81C-45F6-A57F-5ABD9991F28F}") = "Calculate", "Calculate\Calculate.vbproj", "{82352578-1F03-47C4-90B9-0C4CF57C4AFB}"
EndProject
Project("{F184B08F-C81C-45F6-A57F-5ABD9991F28F}") = "method", "method\method.vbproj", "{C49F9A3C-59B1-4A66-940B-C0269696E54E}"
EndProject
Project("{F184B08F-C81C-45F6-A57F-5ABD9991F28F}") = "if", "if\if.vbproj", "{03E68916-A00A-49E5-919D-83D8DFEA4EBB}"
EndProject
Project("{F184B08F-C81C-45F6-A57F-5ABD9991F28F}") = "ForLoop", "ForLoop\ForLoop.vbproj", "{CB5ED14A-0C92-4F9D-933A-40E2F3A7F2D1}"
EndProject
Project("{F184B08F-C81C-45F6-A57F-5ABD9991F28F}") = "Motto", "Motto\Motto.vbproj", "{BF3E6244-202F-45D1-909B-6AE8D6515165}"
EndProject
Project("{F184B08F-C81C-45F6-A57F-5ABD9991F28F}") = "Class", "Class\Class.vbproj", "{7DD6C943-D32D-4303-AE43-57F38A157BA1}"
EndProject
Project("{F184B08F-C81C-45F6-A57F-5ABD9991F28F}") = "Event", "Event\Event.vbproj", "{3FC4F6BB-0602-4E3C-94F0-7ABB15FFDC76}"
EndProject
Project("{F184B08F-C81C-45F6-A57F-5ABD9991F28F}") = "makeMathod", "makeMathod\makeMathod.vbproj", "{EE53B137-6702-4B4E-A065-E6B7AD6E0712}"
EndProject
Project("{F184B08F-C81C-45F6-A57F-5ABD9991F28F}") = "Error", "Error\Error.vbproj", "{E3A9856B-BA6E-460C-A01F-185EAE2E7A0A}"
EndProject
Project("{F184B08F-C81C-45F6-A57F-5ABD9991F28F}") = "other", "other\other.vbproj", "{832F34CC-DF91-46F1-BE65-276AA82AAB2D}"
EndProject
Global
	GlobalSection(SolutionConfigurationPlatforms) = preSolution
		Debug|Any CPU = Debug|Any CPU
		Debug|x86 = Debug|x86
		Release|Any CPU = Release|Any CPU
		Release|x86 = Release|x86
	EndGlobalSection
	GlobalSection(ProjectConfigurationPlatforms) = postSolution
		{088E0A1C-EC49-44D4-A108-BEAEB87665F8}.Debug|Any CPU.ActiveCfg = Debug|x86
		{088E0A1C-EC49-44D4-A108-BEAEB87665F8}.Debug|x86.ActiveCfg = Debug|x86
		{088E0A1C-EC49-44D4-A108-BEAEB87665F8}.Debug|x86.Build.0 = Debug|x86
		{088E0A1C-EC49-44D4-A108-BEAEB87665F8}.Release|Any CPU.ActiveCfg = Release|x86
		{088E0A1C-EC49-44D4-A108-BEAEB87665F8}.Release|x86.ActiveCfg = Release|x86
		{088E0A1C-EC49-44D4-A108-BEAEB87665F8}.Release|x86.Build.0 = Release|x86
		{9644A3E8-C4A6-4D23-A7FE-B32C6672371A}.Debug|Any CPU.ActiveCfg = Debug|x86
		{9644A3E8-C4A6-4D23-A7FE-B32C6672371A}.Debug|x86.ActiveCfg = Debug|x86
		{9644A3E8-C4A6-4D23-A7FE-B32C6672371A}.Debug|x86.Build.0 = Debug|x86
		{9644A3E8-C4A6-4D23-A7FE-B32C6672371A}.Release|Any CPU.ActiveCfg = Release|x86
		{9644A3E8-C4A6-4D23-A7FE-B32C6672371A}.Release|x86.ActiveCfg = Release|x86
		{9644A3E8-C4A6-4D23-A7FE-B32C6672371A}.Release|x86.Build.0 = Release|x86
		{82352578-1F03-47C4-90B9-0C4CF57C4AFB}.Debug|Any CPU.ActiveCfg = Debug|x86
		{82352578-1F03-47C4-90B9-0C4CF57C4AFB}.Debug|x86.ActiveCfg = Debug|x86
		{82352578-1F03-47C4-90B9-0C4CF57C4AFB}.Debug|x86.Build.0 = Debug|x86
		{82352578-1F03-47C4-90B9-0C4CF57C4AFB}.Release|Any CPU.ActiveCfg = Release|x86
		{82352578-1F03-47C4-90B9-0C4CF57C4AFB}.Release|x86.ActiveCfg = Release|x86
		{82352578-1F03-47C4-90B9-0C4CF57C4AFB}.Release|x86.Build.0 = Release|x86
		{C49F9A3C-59B1-4A66-940B-C0269696E54E}.Debug|Any CPU.ActiveCfg = Debug|x86
		{C49F9A3C-59B1-4A66-940B-C0269696E54E}.Debug|x86.ActiveCfg = Debug|x86
		{C49F9A3C-59B1-4A66-940B-C0269696E54E}.Debug|x86.Build.0 = Debug|x86
		{C49F9A3C-59B1-4A66-940B-C0269696E54E}.Release|Any CPU.ActiveCfg = Release|x86
		{C49F9A3C-59B1-4A66-940B-C0269696E54E}.Release|x86.ActiveCfg = Release|x86
		{C49F9A3C-59B1-4A66-940B-C0269696E54E}.Release|x86.Build.0 = Release|x86
		{03E68916-A00A-49E5-919D-83D8DFEA4EBB}.Debug|Any CPU.ActiveCfg = Debug|x86
		{03E68916-A00A-49E5-919D-83D8DFEA4EBB}.Debug|x86.ActiveCfg = Debug|x86
		{03E68916-A00A-49E5-919D-83D8DFEA4EBB}.Debug|x86.Build.0 = Debug|x86
		{03E68916-A00A-49E5-919D-83D8DFEA4EBB}.Release|Any CPU.ActiveCfg = Release|x86
		{03E68916-A00A-49E5-919D-83D8DFEA4EBB}.Release|x86.ActiveCfg = Release|x86
		{03E68916-A00A-49E5-919D-83D8DFEA4EBB}.Release|x86.Build.0 = Release|x86
		{CB5ED14A-0C92-4F9D-933A-40E2F3A7F2D1}.Debug|Any CPU.ActiveCfg = Debug|x86
		{CB5ED14A-0C92-4F9D-933A-40E2F3A7F2D1}.Debug|x86.ActiveCfg = Debug|x86
		{CB5ED14A-0C92-4F9D-933A-40E2F3A7F2D1}.Debug|x86.Build.0 = Debug|x86
		{CB5ED14A-0C92-4F9D-933A-40E2F3A7F2D1}.Release|Any CPU.ActiveCfg = Release|x86
		{CB5ED14A-0C92-4F9D-933A-40E2F3A7F2D1}.Release|x86.ActiveCfg = Release|x86
		{CB5ED14A-0C92-4F9D-933A-40E2F3A7F2D1}.Release|x86.Build.0 = Release|x86
		{BF3E6244-202F-45D1-909B-6AE8D6515165}.Debug|Any CPU.ActiveCfg = Debug|x86
		{BF3E6244-202F-45D1-909B-6AE8D6515165}.Debug|x86.ActiveCfg = Debug|x86
		{BF3E6244-202F-45D1-909B-6AE8D6515165}.Debug|x86.Build.0 = Debug|x86
		{BF3E6244-202F-45D1-909B-6AE8D6515165}.Release|Any CPU.ActiveCfg = Release|x86
		{BF3E6244-202F-45D1-909B-6AE8D6515165}.Release|x86.ActiveCfg = Release|x86
		{BF3E6244-202F-45D1-909B-6AE8D6515165}.Release|x86.Build.0 = Release|x86
		{7DD6C943-D32D-4303-AE43-57F38A157BA1}.Debug|Any CPU.ActiveCfg = Debug|x86
		{7DD6C943-D32D-4303-AE43-57F38A157BA1}.Debug|x86.ActiveCfg = Debug|x86
		{7DD6C943-D32D-4303-AE43-57F38A157BA1}.Debug|x86.Build.0 = Debug|x86
		{7DD6C943-D32D-4303-AE43-57F38A157BA1}.Release|Any CPU.ActiveCfg = Release|x86
		{7DD6C943-D32D-4303-AE43-57F38A157BA1}.Release|x86.ActiveCfg = Release|x86
		{7DD6C943-D32D-4303-AE43-57F38A157BA1}.Release|x86.Build.0 = Release|x86
		{3FC4F6BB-0602-4E3C-94F0-7ABB15FFDC76}.Debug|Any CPU.ActiveCfg = Debug|x86
		{3FC4F6BB-0602-4E3C-94F0-7ABB15FFDC76}.Debug|x86.ActiveCfg = Debug|x86
		{3FC4F6BB-0602-4E3C-94F0-7ABB15FFDC76}.Debug|x86.Build.0 = Debug|x86
		{3FC4F6BB-0602-4E3C-94F0-7ABB15FFDC76}.Release|Any CPU.ActiveCfg = Release|x86
		{3FC4F6BB-0602-4E3C-94F0-7ABB15FFDC76}.Release|x86.ActiveCfg = Release|x86
		{3FC4F6BB-0602-4E3C-94F0-7ABB15FFDC76}.Release|x86.Build.0 = Release|x86
		{EE53B137-6702-4B4E-A065-E6B7AD6E0712}.Debug|Any CPU.ActiveCfg = Debug|x86
		{EE53B137-6702-4B4E-A065-E6B7AD6E0712}.Debug|x86.ActiveCfg = Debug|x86
		{EE53B137-6702-4B4E-A065-E6B7AD6E0712}.Debug|x86.Build.0 = Debug|x86
		{EE53B137-6702-4B4E-A065-E6B7AD6E0712}.Release|Any CPU.ActiveCfg = Release|x86
		{EE53B137-6702-4B4E-A065-E6B7AD6E0712}.Release|x86.ActiveCfg = Release|x86
		{EE53B137-6702-4B4E-A065-E6B7AD6E0712}.Release|x86.Build.0 = Release|x86
		{E3A9856B-BA6E-460C-A01F-185EAE2E7A0A}.Debug|Any CPU.ActiveCfg = Debug|x86
		{E3A9856B-BA6E-460C-A01F-185EAE2E7A0A}.Debug|x86.ActiveCfg = Debug|x86
		{E3A9856B-BA6E-460C-A01F-185EAE2E7A0A}.Debug|x86.Build.0 = Debug|x86
		{E3A9856B-BA6E-460C-A01F-185EAE2E7A0A}.Release|Any CPU.ActiveCfg = Release|x86
		{E3A9856B-BA6E-460C-A01F-185EAE2E7A0A}.Release|x86.ActiveCfg = Release|x86
		{E3A9856B-BA6E-460C-A01F-185EAE2E7A0A}.Release|x86.Build.0 = Release|x86
		{832F34CC-DF91-46F1-BE65-276AA82AAB2D}.Debug|Any CPU.ActiveCfg = Debug|x86
		{832F34CC-DF91-46F1-BE65-276AA82AAB2D}.Debug|x86.ActiveCfg = Debug|x86
		{832F34CC-DF91-46F1-BE65-276AA82AAB2D}.Debug|x86.Build.0 = Debug|x86
		{832F34CC-DF91-46F1-BE65-276AA82AAB2D}.Release|Any CPU.ActiveCfg = Release|x86
		{832F34CC-DF91-46F1-BE65-276AA82AAB2D}.Release|x86.ActiveCfg = Release|x86
		{832F34CC-DF91-46F1-BE65-276AA82AAB2D}.Release|x86.Build.0 = Release|x86
	EndGlobalSection
	GlobalSection(SolutionProperties) = preSolution
		HideSolutionNode = FALSE
	EndGlobalSection
	GlobalSection(ExtensibilityGlobals) = postSolution
		SolutionGuid = {D8CAC295-0962-4A1E-B120-D3F4AA5EB60E}
	EndGlobalSection
EndGlobal
